Microsoft Visual Studio Solution File, Format Version 12.00
# Visual Studio Version 17
VisualStudioVersion = 17.5.2.0
MinimumVisualStudioVersion = 10.0.40219.1
Project("{FAE04EC0-301F-11D3-BF4B-00C04F79EFBC}") = "ApologySite", "ApologySite.csproj", "{2CE4CF2B-26D8-42B0-3B0E-3C24E368DB7E}"
EndProject
Global
	GlobalSection(SolutionConfigurationPlatforms) = preSolution
		Debug|Any CPU = Debug|Any CPU
		Release|Any CPU = Release|Any CPU
	EndGlobalSection
	GlobalSection(ProjectConfigurationPlatforms) = postSolution
		{2CE4CF2B-26D8-42B0-3B0E-3C24E368DB7E}.Debug|Any CPU.ActiveCfg = Debug|Any CPU
		{2CE4CF2B-26D8-42B0-3B0E-3C24E368DB7E}.Debug|Any CPU.Build.0 = Debug|Any CPU
		{2CE4CF2B-26D8-42B0-3B0E-3C24E368DB7E}.Release|Any CPU.ActiveCfg = Release|Any CPU
		{2CE4CF2B-26D8-42B0-3B0E-3C24E368DB7E}.Release|Any CPU.Build.0 = Release|Any CPU
	EndGlobalSection
	GlobalSection(SolutionProperties) = preSolution
		HideSolutionNode = FALSE
	EndGlobalSection
	GlobalSection(ExtensibilityGlobals) = postSolution
		SolutionGuid = {E1B204A8-086A-4F9E-AAB0-36EA93BA15E5}
	EndGlobalSection
EndGlobal
